
Microsoft Visual Studio Solution File, Format Version 12.00
# Visual Studio Version 17
VisualStudioVersion = 17.9.34723.18
MinimumVisualStudioVersion = 10.0.40219.1
Project("{9A19103F-16F7-4668-BE54-9A1E7A4F7556}") = "QuestaoTres", "QuestaoTres\QuestaoTres.csproj", "{AADA6F0C-9D9A-4E02-B539-4EDA508BF79E}"
EndProject
Project("{FAE04EC0-301F-11D3-BF4B-00C04F79EFBC}") = "TestesDeUnidade", "TestesDeUnidade\TestesDeUnidade.csproj", "{2333DF31-FB64-4EF5-B3DF-DE4A4B11A929}"
EndProject
Global
	GlobalSection(SolutionConfigurationPlatforms) = preSolution
		Debug|Any CPU = Debug|Any CPU
		Release|Any CPU = Release|Any CPU
	EndGlobalSection
	GlobalSection(ProjectConfigurationPlatforms) = postSolution
		{AADA6F0C-9D9A-4E02-B539-4EDA508BF79E}.Debug|Any CPU.ActiveCfg = Debug|Any CPU
		{AADA6F0C-9D9A-4E02-B539-4EDA508BF79E}.Debug|Any CPU.Build.0 = Debug|Any CPU
		{AADA6F0C-9D9A-4E02-B539-4EDA508BF79E}.Release|Any CPU.ActiveCfg = Release|Any CPU
		{AADA6F0C-9D9A-4E02-B539-4EDA508BF79E}.Release|Any CPU.Build.0 = Release|Any CPU
		{2333DF31-FB64-4EF5-B3DF-DE4A4B11A929}.Debug|Any CPU.ActiveCfg = Debug|Any CPU
		{2333DF31-FB64-4EF5-B3DF-DE4A4B11A929}.Debug|Any CPU.Build.0 = Debug|Any CPU
		{2333DF31-FB64-4EF5-B3DF-DE4A4B11A929}.Release|Any CPU.ActiveCfg = Release|Any CPU
		{2333DF31-FB64-4EF5-B3DF-DE4A4B11A929}.Release|Any CPU.Build.0 = Release|Any CPU
	EndGlobalSection
	GlobalSection(SolutionProperties) = preSolution
		HideSolutionNode = FALSE
	EndGlobalSection
	GlobalSection(ExtensibilityGlobals) = postSolution
		SolutionGuid = {77997BC1-E562-4F49-BBED-21D6337F74D8}
	EndGlobalSection
EndGlobal
